// !$*UTF8*$!
{
	archiveVersion = 1;
	classes = {
	};
	objectVersion = 46;
	objects = {

/* Begin PBXBuildFile section */
		1A2593DE1E13F3CF00D9F71D /* main.s in Sources */ = {isa = PBXBuildFile; fileRef = 1A2593DC1E13F3CF00D9F71D /* main.s */; };
		1A2593DF1E13F3CF00D9F71D /* print.c in Sources */ = {isa = PBXBuildFile; fileRef = 1A2593DD1E13F3CF00D9F71D /* print.c */; };
/* End PBXBuildFile section */

/* Begin PBXCopyFilesBuildPhase section */
		1A2593CC1E13F30500D9F71D /* CopyFiles */ = {
			isa = PBXCopyFilesBuildPhase;
			buildActionMask = 2147483647;
			dstPath = /usr/share/man/man1/;
			dstSubfolderSpec = 0;
			files = (
			);
			runOnlyForDeploymentPostprocessing = 1;
		};
/* End PBXCopyFilesBuildPhase section */

/* Begin PBXFileReference section */
		1A2593CE1E13F30500D9F71D /* asm_invoke_c */ = {isa = PBXFileReference; explicitFileType = "compiled.mach-o.executable"; includeInIndex = 0; path = asm_invoke_c; sourceTree = BUILT_PRODUCTS_DIR; };
		1A2593DC1E13F3CF00D9F71D /* main.s */ = {isa = PBXFileReference; fileEncoding = 4; lastKnownFileType = sourcecode.asm; path = main.s; sourceTree = "<group>"; };
		1A2593DD1E13F3CF00D9F71D /* print.c */ = {isa = PBXFileReference; fileEncoding = 4; lastKnownFileType = sourcecode.c.c; path = print.c; sourceTree = "<group>"; };
/* End PBXFileReference section */

/* Begin PBXFrameworksBuildPhase section */
		1A2593CB1E13F30500D9F71D /* Frameworks */ = {
			isa = PBXFrameworksBuildPhase;
			buildActionMask = 2147483647;
			files = (
			);
			runOnlyForDeploymentPostprocessing = 0;
		};
/* End PBXFrameworksBuildPhase section */

/* Begin PBXGroup section */
		1A2593C51E13F30500D9F71D = {
			isa = PBXGroup;
			children = (
				1A2593D01E13F30500D9F71D /* asm_invoke_c */,
				1A2593CF1E13F30500D9F71D /* Products */,
			);
			sourceTree = "<group>";
		};
		1A2593CF1E13F30500D9F71D /* Products */ = {
			isa = PBXGroup;
			children = (
				1A2593CE1E13F30500D9F71D /* asm_invoke_c */,
			);
			name = Products;
			sourceTree = "<group>";
		};
		1A2593D01E13F30500D9F71D /* asm_invoke_c */ = {
			isa = PBXGroup;
			children = (
				1A2593DC1E13F3CF00D9F71D /* main.s */,
				1A2593DD1E13F3CF00D9F71D /* print.c */,
			);
			path = asm_invoke_c;
			sourceTree = "<group>";
		};
/* End PBXGroup section */

/* Begin PBXNativeTarget section */
		1A2593CD1E13F30500D9F71D /* asm_invoke_c */ = {
			isa = PBXNativeTarget;
			buildConfigurationList = 1A2593D51E13F30500D9F71D /* Build configuration list for PBXNativeTarget "asm_invoke_c" */;
			buildPhases = (
				1A2593CA1E13F30500D9F71D /* Sources */,
				1A2593CB1E13F30500D9F71D /* Frameworks */,
				1A2593CC1E13F30500D9F71D /* CopyFiles */,
			);
			buildRules = (
			);
			dependencies = (
			);
			name = asm_invoke_c;
			productName = asm_invoke_c;
			productReference = 1A2593CE1E13F30500D9F71D /* asm_invoke_c */;
			productType = "com.apple.product-type.tool";
		};
/* End PBXNativeTarget section */

/* Begin PBXProject section */
		1A2593C61E13F30500D9F71D /* Project object */ = {
			isa = PBXProject;
			attributes = {
				LastUpgradeCheck = 0820;
				ORGANIZATIONNAME = macbook;
				TargetAttributes = {
					1A2593CD1E13F30500D9F71D = {
						CreatedOnToolsVersion = 8.2.1;
						ProvisioningStyle = Automatic;
					};
				};
			};
			buildConfigurationList = 1A2593C91E13F30500D9F71D /* Build configuration list for PBXProject "asm_invoke_c" */;
			compatibilityVersion = "Xcode 3.2";
			developmentRegion = English;
			hasScannedForEncodings = 0;
			knownRegions = (
				en,
			);
			mainGroup = 1A2593C51E13F30500D9F71D;
			productRefGroup = 1A2593CF1E13F30500D9F71D /* Products */;
			projectDirPath = "";
			projectRoot = "";
			targets = (
				1A2593CD1E13F30500D9F71D /* asm_invoke_c */,
			);
		};
/* End PBXProject section */

/* Begin PBXSourcesBuildPhase section */
		1A2593CA1E13F30500D9F71D /* Sources */ = {
			isa = PBXSourcesBuildPhase;
			buildActionMask = 2147483647;
			files = (
				1A2593DE1E13F3CF00D9F71D /* main.s in Sources */,
				1A2593DF1E13F3CF00D9F71D /* print.c in Sources */,
			);
			runOnlyForDeploymentPostprocessing = 0;
		};
/* End PBXSourcesBuildPhase section */

/* Begin XCBuildConfiguration section */
		1A2593D31E13F30500D9F71D /* Debug */ = {
			isa = XCBuildConfiguration;
			buildSettings = {
				ALWAYS_SEARCH_USER_PATHS = NO;
				CLANG_ANALYZER_NONNULL = YES;
				CLANG_CXX_LANGUAGE_STANDARD = "gnu++0x";
				CLANG_CXX_LIBRARY = "libc++";
				CLANG_ENABLE_MODULES = YES;
				CLANG_ENABLE_OBJC_ARC = YES;
				CLANG_WARN_BOOL_CONVERSION = YES;
				CLANG_WARN_CONSTANT_CONVERSION = YES;
				CLANG_WARN_DIRECT_OBJC_ISA_USAGE = YES_ERROR;
				CLANG_WARN_DOCUMENTATION_COMMENTS = YES;
				CLANG_WARN_EMPTY_BODY = YES;
				CLANG_WARN_ENUM_CONVERSION = YES;
				CLANG_WARN_INFINITE_RECURSION = YES;
				CLANG_WARN_INT_CONVERSION = YES;
				CLANG_WARN_OBJC_ROOT_CLASS = YES_ERROR;
				CLANG_WARN_SUSPICIOUS_MOVE = YES;
				CLANG_WARN_UNREACHABLE_CODE = YES;
				CLANG_WARN__DUPLICATE_METHOD_MATCH = YES;
				CODE_SIGN_IDENTITY = "-";
				COPY_PHASE_STRIP = NO;
				DEBUG_INFORMATION_FORMAT = dwarf;
				ENABLE_STRICT_OBJC_MSGSEND = YES;
				ENABLE_TESTABILITY = YES;
				GCC_C_LANGUAGE_STANDARD = gnu99;
				GCC_DYNAMIC_NO_PIC = NO;
				GCC_NO_COMMON_BLOCKS = YES;
				GCC_OPTIMIZATION_LEVEL = 0;
				GCC_PREPROCESSOR_DEFINITIONS = (
					"DEBUG=1",
					"$(inherited)",
				);
				GCC_WARN_64_TO_32_BIT_CONVERSION = YES;
				GCC_WARN_ABOUT_RETURN_TYPE = YES_ERROR;
				GCC_WARN_UNDECLARED_SELECTOR = YES;
				GCC_WARN_UNINITIALIZED_AUTOS = YES_AGGRESSIVE;
				GCC_WARN_UNUSED_FUNCTION = YES;
				GCC_WARN_UNUSED_VARIABLE = YES;
				MACOSX_DEPLOYMENT_TARGET = 10.12;
				MTL_ENABLE_DEBUG_INFO = YES;
				ONLY_ACTIVE_ARCH = YES;
				SDKROOT = macosx;
			};
			name = Debug;
		};
		1A2593D41E13F30500D9F71D /* Release */ = {
			isa = XCBuildConfiguration;
			buildSettings = {
				ALWAYS_SEARCH_USER_PATHS = NO;
				CLANG_ANALYZER_NONNULL = YES;
				CLANG_CXX_LANGUAGE_STANDARD = "gnu++0x";
				CLANG_CXX_LIBRARY = "libc++";
				CLANG_ENABLE_MODULES = YES;
				CLANG_ENABLE_OBJC_ARC = YES;
				CLANG_WARN_BOOL_CONVERSION = YES;
				CLANG_WARN_CONSTANT_CONVERSION = YES;
				CLANG_WARN_DIRECT_OBJC_ISA_USAGE = YES_ERROR;
				CLANG_WARN_DOCUMENTATION_COMMENTS = YES;
				CLANG_WARN_EMPTY_BODY = YES;
				CLANG_WARN_ENUM_CONVERSION = YES;
				CLANG_WARN_INFINITE_RECURSION = YES;
				CLANG_WARN_INT_CONVERSION = YES;
				CLANG_WARN_OBJC_ROOT_CLASS = YES_ERROR;
				CLANG_WARN_SUSPICIOUS_MOVE = YES;
				CLANG_WARN_UNREACHABLE_CODE = YES;
				CLANG_WARN__DUPLICATE_METHOD_MATCH = YES;
				CODE_SIGN_IDENTITY = "-";
				COPY_PHASE_STRIP = NO;
				DEBUG_INFORMATION_FORMAT = "dwarf-with-dsym";
				ENABLE_NS_ASSERTIONS = NO;
				ENABLE_STRICT_OBJC_MSGSEND = YES;
				GCC_C_LANGUAGE_STANDARD = gnu99;
				GCC_NO_COMMON_BLOCKS = YES;
				GCC_WARN_64_TO_32_BIT_CONVERSION = YES;
				GCC_WARN_ABOUT_RETURN_TYPE = YES_ERROR;
				GCC_WARN_UNDECLARED_SELECTOR = YES;
				GCC_WARN_UNINITIALIZED_AUTOS = YES_AGGRESSIVE;
				GCC_WARN_UNUSED_FUNCTION = YES;
				GCC_WARN_UNUSED_VARIABLE = YES;
				MACOSX_DEPLOYMENT_TARGET = 10.12;
				MTL_ENABLE_DEBUG_INFO = NO;
				SDKROOT = macosx;
			};
			name = Release;
		};
		1A2593D61E13F30500D9F71D /* Debug */ = {
			isa = XCBuildConfiguration;
			buildSettings = {
				PRODUCT_NAME = "$(TARGET_NAME)";
			};
			name = Debug;
		};
		1A2593D71E13F30500D9F71D /* Release */ = {
			isa = XCBuildConfiguration;
			buildSettings = {
				PRODUCT_NAME = "$(TARGET_NAME)";
			};
			name = Release;
		};
/* End XCBuildConfiguration section */

/* Begin XCConfigurationList section */
		1A2593C91E13F30500D9F71D /* Build configuration list for PBXProject "asm_invoke_c" */ = {
			isa = XCConfigurationList;
			buildConfigurations = (
				1A2593D31E13F30500D9F71D /* Debug */,
				1A2593D41E13F30500D9F71D /* Release */,
			);
			defaultConfigurationIsVisible = 0;
			defaultConfigurationName = Release;
		};
		1A2593D51E13F30500D9F71D /* Build configuration list for PBXNativeTarget "asm_invoke_c" */ = {
			isa = XCConfigurationList;
			buildConfigurations = (
				1A2593D61E13F30500D9F71D /* Debug */,
				1A2593D71E13F30500D9F71D /* Release */,
			);
			defaultConfigurationIsVisible = 0;
		};
/* End XCConfigurationList section */
	};
	rootObject = 1A2593C61E13F30500D9F71D /* Project object */;
}
