// !$*UTF8*$!
{
	archiveVersion = 1;
	classes = {
	};
	objectVersion = 46;
	objects = {

/* Begin PBXBuildFile section */
		15D4ABDD1DD2E7C30098CA6A /* main.m in Sources */ = {isa = PBXBuildFile; fileRef = 15D4ABDC1DD2E7C30098CA6A /* main.m */; };
		15D4ABE51DD2EBF30098CA6A /* libsqlite3.dylib in Frameworks */ = {isa = PBXBuildFile; fileRef = 15D4ABE41DD2EBF30098CA6A /* libsqlite3.dylib */; };
/* End PBXBuildFile section */

/* Begin PBXCopyFilesBuildPhase section */
		15D4ABD71DD2E7C30098CA6A /* CopyFiles */ = {
			isa = PBXCopyFilesBuildPhase;
			buildActionMask = 2147483647;
			dstPath = /usr/share/man/man1/;
			dstSubfolderSpec = 0;
			files = (
			);
			runOnlyForDeploymentPostprocessing = 1;
		};
/* End PBXCopyFilesBuildPhase section */

/* Begin PBXFileReference section */
		15D4ABD91DD2E7C30098CA6A /* keychain_dumper */ = {isa = PBXFileReference; explicitFileType = "compiled.mach-o.executable"; includeInIndex = 0; path = keychain_dumper; sourceTree = BUILT_PRODUCTS_DIR; };
		15D4ABDC1DD2E7C30098CA6A /* main.m */ = {isa = PBXFileReference; lastKnownFileType = sourcecode.c.objc; path = main.m; sourceTree = "<group>"; };
		15D4ABE41DD2EBF30098CA6A /* libsqlite3.dylib */ = {isa = PBXFileReference; lastKnownFileType = "compiled.mach-o.dylib"; name = libsqlite3.dylib; path = ../../../../../usr/lib/libsqlite3.dylib; sourceTree = "<group>"; };
/* End PBXFileReference section */

/* Begin PBXFrameworksBuildPhase section */
		15D4ABD61DD2E7C30098CA6A /* Frameworks */ = {
			isa = PBXFrameworksBuildPhase;
			buildActionMask = 2147483647;
			files = (
				15D4ABE51DD2EBF30098CA6A /* libsqlite3.dylib in Frameworks */,
			);
			runOnlyForDeploymentPostprocessing = 0;
		};
/* End PBXFrameworksBuildPhase section */

/* Begin PBXGroup section */
		15D4ABD01DD2E7C30098CA6A = {
			isa = PBXGroup;
			children = (
				15D4ABDB1DD2E7C30098CA6A /* keychain_dumper */,
				15D4ABDA1DD2E7C30098CA6A /* Products */,
				15D4ABE31DD2EBF20098CA6A /* Frameworks */,
			);
			sourceTree = "<group>";
		};
		15D4ABDA1DD2E7C30098CA6A /* Products */ = {
			isa = PBXGroup;
			children = (
				15D4ABD91DD2E7C30098CA6A /* keychain_dumper */,
			);
			name = Products;
			sourceTree = "<group>";
		};
		15D4ABDB1DD2E7C30098CA6A /* keychain_dumper */ = {
			isa = PBXGroup;
			children = (
				15D4ABDC1DD2E7C30098CA6A /* main.m */,
			);
			path = keychain_dumper;
			sourceTree = "<group>";
		};
		15D4ABE31DD2EBF20098CA6A /* Frameworks */ = {
			isa = PBXGroup;
			children = (
				15D4ABE41DD2EBF30098CA6A /* libsqlite3.dylib */,
			);
			name = Frameworks;
			sourceTree = "<group>";
		};
/* End PBXGroup section */

/* Begin PBXNativeTarget section */
		15D4ABD81DD2E7C30098CA6A /* keychain_dumper */ = {
			isa = PBXNativeTarget;
			buildConfigurationList = 15D4ABE01DD2E7C30098CA6A /* Build configuration list for PBXNativeTarget "keychain_dumper" */;
			buildPhases = (
				15D4ABD51DD2E7C30098CA6A /* Sources */,
				15D4ABD61DD2E7C30098CA6A /* Frameworks */,
				15D4ABD71DD2E7C30098CA6A /* CopyFiles */,
			);
			buildRules = (
			);
			dependencies = (
			);
			name = keychain_dumper;
			productName = keychain_dumper;
			productReference = 15D4ABD91DD2E7C30098CA6A /* keychain_dumper */;
			productType = "com.apple.product-type.tool";
		};
/* End PBXNativeTarget section */

/* Begin PBXProject section */
		15D4ABD11DD2E7C30098CA6A /* Project object */ = {
			isa = PBXProject;
			attributes = {
				LastUpgradeCheck = 0810;
				ORGANIZATIONNAME = macbook;
				TargetAttributes = {
					15D4ABD81DD2E7C30098CA6A = {
						CreatedOnToolsVersion = 8.1;
						ProvisioningStyle = Automatic;
					};
				};
			};
			buildConfigurationList = 15D4ABD41DD2E7C30098CA6A /* Build configuration list for PBXProject "keychain_dumper" */;
			compatibilityVersion = "Xcode 3.2";
			developmentRegion = English;
			hasScannedForEncodings = 0;
			knownRegions = (
				en,
			);
			mainGroup = 15D4ABD01DD2E7C30098CA6A;
			productRefGroup = 15D4ABDA1DD2E7C30098CA6A /* Products */;
			projectDirPath = "";
			projectRoot = "";
			targets = (
				15D4ABD81DD2E7C30098CA6A /* keychain_dumper */,
			);
		};
/* End PBXProject section */

/* Begin PBXSourcesBuildPhase section */
		15D4ABD51DD2E7C30098CA6A /* Sources */ = {
			isa = PBXSourcesBuildPhase;
			buildActionMask = 2147483647;
			files = (
				15D4ABDD1DD2E7C30098CA6A /* main.m in Sources */,
			);
			runOnlyForDeploymentPostprocessing = 0;
		};
/* End PBXSourcesBuildPhase section */

/* Begin XCBuildConfiguration section */
		15D4ABDE1DD2E7C30098CA6A /* Debug */ = {
			isa = XCBuildConfiguration;
			buildSettings = {
				ALWAYS_SEARCH_USER_PATHS = NO;
				CLANG_ANALYZER_NONNULL = YES;
				CLANG_CXX_LANGUAGE_STANDARD = "gnu++0x";
				CLANG_CXX_LIBRARY = "libc++";
				CLANG_ENABLE_MODULES = YES;
				CLANG_ENABLE_OBJC_ARC = YES;
				CLANG_WARN_BOOL_CONVERSION = YES;
				CLANG_WARN_CONSTANT_CONVERSION = YES;
				CLANG_WARN_DIRECT_OBJC_ISA_USAGE = YES_ERROR;
				CLANG_WARN_DOCUMENTATION_COMMENTS = YES;
				CLANG_WARN_EMPTY_BODY = YES;
				CLANG_WARN_ENUM_CONVERSION = YES;
				CLANG_WARN_INFINITE_RECURSION = YES;
				CLANG_WARN_INT_CONVERSION = YES;
				CLANG_WARN_OBJC_ROOT_CLASS = YES_ERROR;
				CLANG_WARN_SUSPICIOUS_MOVES = YES;
				CLANG_WARN_UNREACHABLE_CODE = YES;
				CLANG_WARN__DUPLICATE_METHOD_MATCH = YES;
				CODE_SIGN_IDENTITY = "-";
				COPY_PHASE_STRIP = NO;
				DEBUG_INFORMATION_FORMAT = dwarf;
				ENABLE_STRICT_OBJC_MSGSEND = YES;
				ENABLE_TESTABILITY = YES;
				GCC_C_LANGUAGE_STANDARD = gnu99;
				GCC_DYNAMIC_NO_PIC = NO;
				GCC_NO_COMMON_BLOCKS = YES;
				GCC_OPTIMIZATION_LEVEL = 0;
				GCC_PREPROCESSOR_DEFINITIONS = (
					"DEBUG=1",
					"$(inherited)",
				);
				GCC_WARN_64_TO_32_BIT_CONVERSION = YES;
				GCC_WARN_ABOUT_RETURN_TYPE = YES_ERROR;
				GCC_WARN_UNDECLARED_SELECTOR = YES;
				GCC_WARN_UNINITIALIZED_AUTOS = YES_AGGRESSIVE;
				GCC_WARN_UNUSED_FUNCTION = YES;
				GCC_WARN_UNUSED_VARIABLE = YES;
				MACOSX_DEPLOYMENT_TARGET = 10.11;
				MTL_ENABLE_DEBUG_INFO = YES;
				ONLY_ACTIVE_ARCH = YES;
				SDKROOT = macosx;
			};
			name = Debug;
		};
		15D4ABDF1DD2E7C30098CA6A /* Release */ = {
			isa = XCBuildConfiguration;
			buildSettings = {
				ALWAYS_SEARCH_USER_PATHS = NO;
				CLANG_ANALYZER_NONNULL = YES;
				CLANG_CXX_LANGUAGE_STANDARD = "gnu++0x";
				CLANG_CXX_LIBRARY = "libc++";
				CLANG_ENABLE_MODULES = YES;
				CLANG_ENABLE_OBJC_ARC = YES;
				CLANG_WARN_BOOL_CONVERSION = YES;
				CLANG_WARN_CONSTANT_CONVERSION = YES;
				CLANG_WARN_DIRECT_OBJC_ISA_USAGE = YES_ERROR;
				CLANG_WARN_DOCUMENTATION_COMMENTS = YES;
				CLANG_WARN_EMPTY_BODY = YES;
				CLANG_WARN_ENUM_CONVERSION = YES;
				CLANG_WARN_INFINITE_RECURSION = YES;
				CLANG_WARN_INT_CONVERSION = YES;
				CLANG_WARN_OBJC_ROOT_CLASS = YES_ERROR;
				CLANG_WARN_SUSPICIOUS_MOVES = YES;
				CLANG_WARN_UNREACHABLE_CODE = YES;
				CLANG_WARN__DUPLICATE_METHOD_MATCH = YES;
				CODE_SIGN_IDENTITY = "-";
				COPY_PHASE_STRIP = NO;
				DEBUG_INFORMATION_FORMAT = "dwarf-with-dsym";
				ENABLE_NS_ASSERTIONS = NO;
				ENABLE_STRICT_OBJC_MSGSEND = YES;
				GCC_C_LANGUAGE_STANDARD = gnu99;
				GCC_NO_COMMON_BLOCKS = YES;
				GCC_WARN_64_TO_32_BIT_CONVERSION = YES;
				GCC_WARN_ABOUT_RETURN_TYPE = YES_ERROR;
				GCC_WARN_UNDECLARED_SELECTOR = YES;
				GCC_WARN_UNINITIALIZED_AUTOS = YES_AGGRESSIVE;
				GCC_WARN_UNUSED_FUNCTION = YES;
				GCC_WARN_UNUSED_VARIABLE = YES;
				MACOSX_DEPLOYMENT_TARGET = 10.11;
				MTL_ENABLE_DEBUG_INFO = NO;
				SDKROOT = macosx;
			};
			name = Release;
		};
		15D4ABE11DD2E7C30098CA6A /* Debug */ = {
			isa = XCBuildConfiguration;
			buildSettings = {
				PRODUCT_NAME = "$(TARGET_NAME)";
			};
			name = Debug;
		};
		15D4ABE21DD2E7C30098CA6A /* Release */ = {
			isa = XCBuildConfiguration;
			buildSettings = {
				PRODUCT_NAME = "$(TARGET_NAME)";
			};
			name = Release;
		};
/* End XCBuildConfiguration section */

/* Begin XCConfigurationList section */
		15D4ABD41DD2E7C30098CA6A /* Build configuration list for PBXProject "keychain_dumper" */ = {
			isa = XCConfigurationList;
			buildConfigurations = (
				15D4ABDE1DD2E7C30098CA6A /* Debug */,
				15D4ABDF1DD2E7C30098CA6A /* Release */,
			);
			defaultConfigurationIsVisible = 0;
			defaultConfigurationName = Release;
		};
		15D4ABE01DD2E7C30098CA6A /* Build configuration list for PBXNativeTarget "keychain_dumper" */ = {
			isa = XCConfigurationList;
			buildConfigurations = (
				15D4ABE11DD2E7C30098CA6A /* Debug */,
				15D4ABE21DD2E7C30098CA6A /* Release */,
			);
			defaultConfigurationIsVisible = 0;
			defaultConfigurationName = Release;
		};
/* End XCConfigurationList section */
	};
	rootObject = 15D4ABD11DD2E7C30098CA6A /* Project object */;
}
